github.com/elgs/gojq v0.0.0-20201120033525-b5293fef2759 h1:WtAKk9RULee8RXnR3to5hg7TrsPVCdxYVrOZRjR54LU=
github.com/elgs/gojq v0.0.0-20201120033525-b5293fef2759/go.mod h1:rQELVIqRXpraeUryHOBadz99ePvEVQmTVpGr8M9QQ4Q=
github.com/elgs/gosplitargs v0.0.0-20161028071935-a491c5eeb3c8 h1:bD2/rCXwgXJm2vgoSSSCM9IPjVFfEoQFFblzg7HHABI=
github.com/elgs/gosplitargs v0.0.0-20161028071935-a491c5eeb3c8/go.mod h1:o4DgpccPNAQAlPSxo7I4L/LWNh2oyr/BBGSynrLTmZM=
